
Microsoft Visual Studio Solution File, Format Version 12.00
# Visual Studio 15
VisualStudioVersion = 15.0.27703.2026
MinimumVisualStudioVersion = 10.0.40219.1
Project("{9A19103F-16F7-4668-BE54-9A1E7A4F7556}") = "SampleWebApp", "SampleWebApp\SampleWebApp.csproj", "{59B81881-2493-49BB-83CB-FF0ED142DE74}"
EndProject
Project("{9A19103F-16F7-4668-BE54-9A1E7A4F7556}") = "SampleServices", "SampleServices\SampleServices.csproj", "{554C195F-14FA-411B-86E7-EF1EB42E0640}"
EndProject
Project("{2150E333-8FDC-42A3-9474-1A3956D46DE8}") = "Sample", "Sample", "{049BF26B-9A91-4F5B-90DF-380452B85875}"
EndProject
Project("{2150E333-8FDC-42A3-9474-1A3956D46DE8}") = "Tests", "Tests", "{3D47C098-D244-470A-B131-87D995E38C16}"
EndProject
Project("{FAE04EC0-301F-11D3-BF4B-00C04F79EFBC}") = "CheviotConsulting.DependencyInjection.Discovery.Tests", "CheviotConsulting.DependencyInjection.Discovery.Tests\CheviotConsulting.DependencyInjection.Discovery.Tests.csproj", "{E064AF0C-5FD0-4CB1-AAA5-328818192A05}"
EndProject
Project("{9A19103F-16F7-4668-BE54-9A1E7A4F7556}") = "CheviotConsulting.DependencyInjection.Discovery", "CheviotConsulting.DependencyInjection.Discovery\CheviotConsulting.DependencyInjection.Discovery.csproj", "{83FD7AC3-43D9-4263-B691-7540048C782B}"
EndProject
Global
	GlobalSection(SolutionConfigurationPlatforms) = preSolution
		Debug|Any CPU = Debug|Any CPU
		Release|Any CPU = Release|Any CPU
	EndGlobalSection
	GlobalSection(ProjectConfigurationPlatforms) = postSolution
		{59B81881-2493-49BB-83CB-FF0ED142DE74}.Debug|Any CPU.ActiveCfg = Debug|Any CPU
		{59B81881-2493-49BB-83CB-FF0ED142DE74}.Debug|Any CPU.Build.0 = Debug|Any CPU
		{59B81881-2493-49BB-83CB-FF0ED142DE74}.Release|Any CPU.ActiveCfg = Release|Any CPU
		{59B81881-2493-49BB-83CB-FF0ED142DE74}.Release|Any CPU.Build.0 = Release|Any CPU
		{554C195F-14FA-411B-86E7-EF1EB42E0640}.Debug|Any CPU.ActiveCfg = Debug|Any CPU
		{554C195F-14FA-411B-86E7-EF1EB42E0640}.Debug|Any CPU.Build.0 = Debug|Any CPU
		{554C195F-14FA-411B-86E7-EF1EB42E0640}.Release|Any CPU.ActiveCfg = Release|Any CPU
		{554C195F-14FA-411B-86E7-EF1EB42E0640}.Release|Any CPU.Build.0 = Release|Any CPU
		{E064AF0C-5FD0-4CB1-AAA5-328818192A05}.Debug|Any CPU.ActiveCfg = Debug|Any CPU
		{E064AF0C-5FD0-4CB1-AAA5-328818192A05}.Debug|Any CPU.Build.0 = Debug|Any CPU
		{E064AF0C-5FD0-4CB1-AAA5-328818192A05}.Release|Any CPU.ActiveCfg = Release|Any CPU
		{E064AF0C-5FD0-4CB1-AAA5-328818192A05}.Release|Any CPU.Build.0 = Release|Any CPU
		{83FD7AC3-43D9-4263-B691-7540048C782B}.Debug|Any CPU.ActiveCfg = Debug|Any CPU
		{83FD7AC3-43D9-4263-B691-7540048C782B}.Debug|Any CPU.Build.0 = Debug|Any CPU
		{83FD7AC3-43D9-4263-B691-7540048C782B}.Release|Any CPU.ActiveCfg = Release|Any CPU
		{83FD7AC3-43D9-4263-B691-7540048C782B}.Release|Any CPU.Build.0 = Release|Any CPU
	EndGlobalSection
	GlobalSection(SolutionProperties) = preSolution
		HideSolutionNode = FALSE
	EndGlobalSection
	GlobalSection(NestedProjects) = preSolution
		{59B81881-2493-49BB-83CB-FF0ED142DE74} = {049BF26B-9A91-4F5B-90DF-380452B85875}
		{554C195F-14FA-411B-86E7-EF1EB42E0640} = {049BF26B-9A91-4F5B-90DF-380452B85875}
		{E064AF0C-5FD0-4CB1-AAA5-328818192A05} = {3D47C098-D244-470A-B131-87D995E38C16}
	EndGlobalSection
	GlobalSection(ExtensibilityGlobals) = postSolution
		SolutionGuid = {AE2A8453-E97A-4483-AF33-504526460039}
	EndGlobalSection
EndGlobal
